
Microsoft Visual Studio Solution File, Format Version 12.00
# Visual Studio Version 17
VisualStudioVersion = 17.5.33414.496
MinimumVisualStudioVersion = 10.0.40219.1
Project("{8BC9CEB8-8B4A-11D0-8D11-00A0C91BC942}") = "SandBox", "SandBox\SandBox.vcxproj", "{80D46B7D-0FE3-44D9-97A1-A2D094793917}"
EndProject
Project("{8BC9CEB8-8B4A-11D0-8D11-00A0C91BC942}") = "PopGE", "PopGE\PopGE.vcxproj", "{6F6B4FFA-555D-41C8-9793-5EE40FD0B503}"
EndProject
Global
	GlobalSection(SolutionConfigurationPlatforms) = preSolution
		Debug|x64 = Debug|x64
		Release|x64 = Release|x64
	EndGlobalSection
	GlobalSection(ProjectConfigurationPlatforms) = postSolution
		{6F6B4FFA-555D-41C8-9793-5EE40FD0B503}.Debug|x64.ActiveCfg = Debug|x64
		{6F6B4FFA-555D-41C8-9793-5EE40FD0B503}.Debug|x64.Build.0 = Debug|x64
		{6F6B4FFA-555D-41C8-9793-5EE40FD0B503}.Release|x64.ActiveCfg = Release|x64
		{6F6B4FFA-555D-41C8-9793-5EE40FD0B503}.Release|x64.Build.0 = Release|x64
		{80D46B7D-0FE3-44D9-97A1-A2D094793917}.Debug|x64.ActiveCfg = Debug|x64
		{80D46B7D-0FE3-44D9-97A1-A2D094793917}.Debug|x64.Build.0 = Debug|x64
		{80D46B7D-0FE3-44D9-97A1-A2D094793917}.Release|x64.ActiveCfg = Release|x64
		{80D46B7D-0FE3-44D9-97A1-A2D094793917}.Release|x64.Build.0 = Release|x64
	EndGlobalSection
	GlobalSection(SolutionProperties) = preSolution
		HideSolutionNode = FALSE
	EndGlobalSection
	GlobalSection(ExtensibilityGlobals) = postSolution
		SolutionGuid = {F84C71B8-2733-4543-9958-B21A1BBC6C95}
	EndGlobalSection
EndGlobal
